schema: '2.0'
stages:
  bb_path:
    cmd: stages/00_bb_path.sh
    deps:
    - path: stages/00_bb_path.sh
      hash: md5
      md5: 7e08f5f4c89132200ffd3ec57d373712
      size: 584
    outs:
    - path: data-source/brick-manifest
      hash: md5
      md5: e79661662a6dbcde902e495d08e910a9
      size: 806
  preprocess:
    cmd: stages/01_preprocess.sh
    deps:
    - path: stages/01_preprocess.sh
      hash: md5
      md5: 04cfbd416df050c4d397cea638278be1
      size: 319
    - path: stages/process.ice.sql
      hash: md5
      md5: d41d8cd98f00b204e9800998ecf8427e
      size: 0
    outs:
    - path: data-processed
      hash: md5
      md5: d751713988987e9331980363e24189ce.dir
      size: 0
      nfiles: 0
  rml:
    cmd: stages/02_rml.sh
    deps:
    - path: data-processed
      hash: md5
      md5: d751713988987e9331980363e24189ce.dir
      size: 0
      nfiles: 0
    - path: data-source/brick-manifest
      hash: md5
      md5: e79661662a6dbcde902e495d08e910a9
      size: 806
    - path: stages/02_rml.sh
      hash: md5
      md5: a3945b2206e24a52c8f3a5d3e21d6396
      size: 687
    - path: stages/bindingdb.rml.ttl
      hash: md5
      md5: 211324bbb19ae41f95ea1099132de1d0
      size: 1455
    - path: stages/chembl.rml.ttl
      hash: md5
      md5: 211324bbb19ae41f95ea1099132de1d0
      size: 1455
    - path: stages/ctdbase.rml.ttl
      hash: md5
      md5: d185ebbd81e49c06e66c87ff8ed8aae8
      size: 2713
    - path: stages/ice.rml.ttl
      hash: md5
      md5: a18e5b0d67d3c5c764ebb53eef48b1c9
      size: 55558
    - path: stages/okg-ml.rml.ttl
      hash: md5
      md5: ba45eeb1416abf7d2fb44acb4a425783
      size: 62382
    - path: stages/tox21.rml.ttl
      hash: md5
      md5: 45c03bb47de033f966a6690623db8658
      size: 3120
    - path: stages/toxcast.rml.ttl
      hash: md5
      md5: 089a69606049107afb7e8ffce2721edd
      size: 5359
    outs:
    - path: raw
      hash: md5
      md5: 7e73e408aacc313b8336684813d7b6dd.dir
      size: 13747157008
      nfiles: 3
  build:
    cmd: stages/03_build.sh
    deps:
    - path: raw
      hash: md5
      md5: 7e73e408aacc313b8336684813d7b6dd.dir
      size: 13747157008
      nfiles: 3
    - path: stages/03_build.sh
      hash: md5
      md5: ae756975c7bca594f2d70b00c3d75c8c
      size: 474
    outs:
    - path: brick
      hash: md5
      md5: dba07d6940694a4f21d81580f366fa25.dir
      size: 972332465
      nfiles: 6
