schema: '2.0'
stages:
  bb_path:
    cmd: stages/00_bb_path.sh
    deps:
    - path: stages/00_bb_path.sh
      hash: md5
      md5: c7fec13448c12c8bdf73789c61ac2851
      size: 500
    outs:
    - path: data-source/brick-manifest
      hash: md5
      md5: 0667d89a45fc9c23d802b512e61c14d9
      size: 481
  preprocess:
    cmd: stages/01_preprocess.sh
    deps:
    - path: stages/01_preprocess.sh
      hash: md5
      md5: 20f1a8d33c119c62a723f03f94bda371
      size: 315
    - path: stages/process.sql
      hash: md5
      md5: d41d8cd98f00b204e9800998ecf8427e
      size: 0
    outs:
    - path: data-processed
      hash: md5
      md5: d751713988987e9331980363e24189ce.dir
      size: 0
      nfiles: 0
  rml:
    cmd: stages/02_rml.sh
    deps:
    - path: data-processed
      hash: md5
      md5: d751713988987e9331980363e24189ce.dir
      size: 0
      nfiles: 0
    - path: data-source/brick-manifest
      hash: md5
      md5: 0667d89a45fc9c23d802b512e61c14d9
      size: 481
    - path: stages/02_rml.sh
      hash: md5
      md5: a3945b2206e24a52c8f3a5d3e21d6396
      size: 687
    - path: stages/bindingdb.rml.ttl
      hash: md5
      md5: 9d1b2976a211d3a33f482b64fdadba4a
      size: 1097
    - path: stages/chembl.rml.ttl
      hash: md5
      md5: 9d1b2976a211d3a33f482b64fdadba4a
      size: 1097
    - path: stages/ctdbase.rml.ttl
      hash: md5
      md5: 9d1b2976a211d3a33f482b64fdadba4a
      size: 1097
    - path: stages/ice.rml.ttl
      hash: md5
      md5: 2d52cea48786a35d4ec6d263a59c29dd
      size: 46000
    - path: stages/okg-ml.rml.ttl
      hash: md5
      md5: 2b415495bd3718c84c25f6c73018a5b4
      size: 46000
    - path: stages/tox21.rml.ttl
      hash: md5
      md5: 9d1b2976a211d3a33f482b64fdadba4a
      size: 1097
    - path: stages/toxcast.rml.ttl
      hash: md5
      md5: 9d1b2976a211d3a33f482b64fdadba4a
      size: 1097
    outs:
    - path: raw
      hash: md5
      md5: 3c48ed148c0851ec07b2860cdf5f36ae.dir
      size: 1301324427
      nfiles: 1
  build:
    cmd: stages/03_build.sh
    deps:
    - path: raw
      hash: md5
      md5: 3c48ed148c0851ec07b2860cdf5f36ae.dir
      size: 1301324427
      nfiles: 1
    - path: stages/03_build.sh
      hash: md5
      md5: ae756975c7bca594f2d70b00c3d75c8c
      size: 474
    outs:
    - path: brick
      hash: md5
      md5: 1a77dcb0a6192e072fcf0230ad853a39.dir
      size: 128264652
      nfiles: 2
